github.com/ryotarai/prometheus-query v0.0.0-20181009101647-ea75bc6bc1b1 h1:Myn0mha83ZFWB98guDCZNz1NBxhnkxnrgeAgN7yYQYs=
github.com/ryotarai/prometheus-query v0.0.0-20181009101647-ea75bc6bc1b1/go.mod h1:6Zg5OEV1ovOQcYwo2NdhVEcZjMGdnzVIMoNdgtkJBH0=
github.com/ymotongpoo/datemaki v0.0.0-20170903132816-ebdf2513fc43 h1:NbyQZvA8DR7FKgEEvK+tNi47GsTb2pG0p8NgdzbGrnI=
github.com/ymotongpoo/datemaki v0.0.0-20170903132816-ebdf2513fc43/go.mod h1:bp+f74tGbhyfBRcbXuASThYejVuDf6Dyh2mbjJpbbSM=
